// !$*UTF8*$!
{
	archiveVersion = 1;
	classes = {
	};
	objectVersion = 50;
	objects = {

/* Begin PBXBuildFile section */
		23B4C031219B178400B02366 /* DroppablePin.swift in Sources */ = {isa = PBXBuildFile; fileRef = 23B4C030219B178400B02366 /* DroppablePin.swift */; };
		23F48A882199C49500978C70 /* AppDelegate.swift in Sources */ = {isa = PBXBuildFile; fileRef = 23F48A872199C49500978C70 /* AppDelegate.swift */; };
		23F48A8A2199C49500978C70 /* MapVC.swift in Sources */ = {isa = PBXBuildFile; fileRef = 23F48A892199C49500978C70 /* MapVC.swift */; };
		23F48A8D2199C49500978C70 /* Main.storyboard in Resources */ = {isa = PBXBuildFile; fileRef = 23F48A8B2199C49500978C70 /* Main.storyboard */; };
		23F48A8F2199C49600978C70 /* Assets.xcassets in Resources */ = {isa = PBXBuildFile; fileRef = 23F48A8E2199C49600978C70 /* Assets.xcassets */; };
		23F48A922199C49600978C70 /* LaunchScreen.storyboard in Resources */ = {isa = PBXBuildFile; fileRef = 23F48A902199C49600978C70 /* LaunchScreen.storyboard */; };
		79C60D3C1748D7E5A7CBC984 /* Pods_Map_Photo_Tracker.framework in Frameworks */ = {isa = PBXBuildFile; fileRef = 3EF06C981D16A0DC151B96DE /* Pods_Map_Photo_Tracker.framework */; };
/* End PBXBuildFile section */

/* Begin PBXFileReference section */
		23B4C030219B178400B02366 /* DroppablePin.swift */ = {isa = PBXFileReference; lastKnownFileType = sourcecode.swift; path = DroppablePin.swift; sourceTree = "<group>"; };
		23F48A842199C49500978C70 /* Map Photo Tracker.app */ = {isa = PBXFileReference; explicitFileType = wrapper.application; includeInIndex = 0; path = "Map Photo Tracker.app"; sourceTree = BUILT_PRODUCTS_DIR; };
		23F48A872199C49500978C70 /* AppDelegate.swift */ = {isa = PBXFileReference; lastKnownFileType = sourcecode.swift; path = AppDelegate.swift; sourceTree = "<group>"; };
		23F48A892199C49500978C70 /* MapVC.swift */ = {isa = PBXFileReference; lastKnownFileType = sourcecode.swift; path = MapVC.swift; sourceTree = "<group>"; };
		23F48A8C2199C49500978C70 /* Base */ = {isa = PBXFileReference; lastKnownFileType = file.storyboard; name = Base; path = Base.lproj/Main.storyboard; sourceTree = "<group>"; };
		23F48A8E2199C49600978C70 /* Assets.xcassets */ = {isa = PBXFileReference; lastKnownFileType = folder.assetcatalog; path = Assets.xcassets; sourceTree = "<group>"; };
		23F48A912199C49600978C70 /* Base */ = {isa = PBXFileReference; lastKnownFileType = file.storyboard; name = Base; path = Base.lproj/LaunchScreen.storyboard; sourceTree = "<group>"; };
		23F48A932199C49600978C70 /* Info.plist */ = {isa = PBXFileReference; lastKnownFileType = text.plist.xml; path = Info.plist; sourceTree = "<group>"; };
		3EF06C981D16A0DC151B96DE /* Pods_Map_Photo_Tracker.framework */ = {isa = PBXFileReference; explicitFileType = wrapper.framework; includeInIndex = 0; path = Pods_Map_Photo_Tracker.framework; sourceTree = BUILT_PRODUCTS_DIR; };
		92CD0B94AC1AEFFFC3DBEBD7 /* Pods-Map Photo Tracker.release.xcconfig */ = {isa = PBXFileReference; includeInIndex = 1; lastKnownFileType = text.xcconfig; name = "Pods-Map Photo Tracker.release.xcconfig"; path = "Pods/Target Support Files/Pods-Map Photo Tracker/Pods-Map Photo Tracker.release.xcconfig"; sourceTree = "<group>"; };
		ED3B9B8EFBA2EB88A472400F /* Pods-Map Photo Tracker.debug.xcconfig */ = {isa = PBXFileReference; includeInIndex = 1; lastKnownFileType = text.xcconfig; name = "Pods-Map Photo Tracker.debug.xcconfig"; path = "Pods/Target Support Files/Pods-Map Photo Tracker/Pods-Map Photo Tracker.debug.xcconfig"; sourceTree = "<group>"; };
/* End PBXFileReference section */

/* Begin PBXFrameworksBuildPhase section */
		23F48A812199C49500978C70 /* Frameworks */ = {
			isa = PBXFrameworksBuildPhase;
			buildActionMask = 2147483647;
			files = (
				79C60D3C1748D7E5A7CBC984 /* Pods_Map_Photo_Tracker.framework in Frameworks */,
			);
			runOnlyForDeploymentPostprocessing = 0;
		};
/* End PBXFrameworksBuildPhase section */

/* Begin PBXGroup section */
		0E0C298C472246B01994F566 /* Pods */ = {
			isa = PBXGroup;
			children = (
				ED3B9B8EFBA2EB88A472400F /* Pods-Map Photo Tracker.debug.xcconfig */,
				92CD0B94AC1AEFFFC3DBEBD7 /* Pods-Map Photo Tracker.release.xcconfig */,
			);
			name = Pods;
			sourceTree = "<group>";
		};
		23F48A7B2199C49400978C70 = {
			isa = PBXGroup;
			children = (
				23F48A862199C49500978C70 /* Map Photo Tracker */,
				23F48A852199C49500978C70 /* Products */,
				0E0C298C472246B01994F566 /* Pods */,
				C2D849823354C9D9CAF2A2CD /* Frameworks */,
			);
			sourceTree = "<group>";
		};
		23F48A852199C49500978C70 /* Products */ = {
			isa = PBXGroup;
			children = (
				23F48A842199C49500978C70 /* Map Photo Tracker.app */,
			);
			name = Products;
			sourceTree = "<group>";
		};
		23F48A862199C49500978C70 /* Map Photo Tracker */ = {
			isa = PBXGroup;
			children = (
				23F48A9D2199C4D800978C70 /* Utilities */,
				23F48A9C2199C4D000978C70 /* Extensions */,
				23F48A9B2199C4C800978C70 /* Model */,
				23F48A9A2199C4BE00978C70 /* View */,
				23F48A992199C4B000978C70 /* Controller */,
				23F48A872199C49500978C70 /* AppDelegate.swift */,
				23F48A8E2199C49600978C70 /* Assets.xcassets */,
				23F48A902199C49600978C70 /* LaunchScreen.storyboard */,
				23F48A932199C49600978C70 /* Info.plist */,
			);
			path = "Map Photo Tracker";
			sourceTree = "<group>";
		};
		23F48A992199C4B000978C70 /* Controller */ = {
			isa = PBXGroup;
			children = (
				23F48A892199C49500978C70 /* MapVC.swift */,
			);
			path = Controller;
			sourceTree = "<group>";
		};
		23F48A9A2199C4BE00978C70 /* View */ = {
			isa = PBXGroup;
			children = (
				23F48A8B2199C49500978C70 /* Main.storyboard */,
				23B4C030219B178400B02366 /* DroppablePin.swift */,
			);
			path = View;
			sourceTree = "<group>";
		};
		23F48A9B2199C4C800978C70 /* Model */ = {
			isa = PBXGroup;
			children = (
			);
			path = Model;
			sourceTree = "<group>";
		};
		23F48A9C2199C4D000978C70 /* Extensions */ = {
			isa = PBXGroup;
			children = (
			);
			path = Extensions;
			sourceTree = "<group>";
		};
		23F48A9D2199C4D800978C70 /* Utilities */ = {
			isa = PBXGroup;
			children = (
			);
			path = Utilities;
			sourceTree = "<group>";
		};
		C2D849823354C9D9CAF2A2CD /* Frameworks */ = {
			isa = PBXGroup;
			children = (
				3EF06C981D16A0DC151B96DE /* Pods_Map_Photo_Tracker.framework */,
			);
			name = Frameworks;
			sourceTree = "<group>";
		};
/* End PBXGroup section */

/* Begin PBXNativeTarget section */
		23F48A832199C49500978C70 /* Map Photo Tracker */ = {
			isa = PBXNativeTarget;
			buildConfigurationList = 23F48A962199C49600978C70 /* Build configuration list for PBXNativeTarget "Map Photo Tracker" */;
			buildPhases = (
				6C2FE5DAEED36DAE068512A3 /* [CP] Check Pods Manifest.lock */,
				23F48A802199C49500978C70 /* Sources */,
				23F48A812199C49500978C70 /* Frameworks */,
				23F48A822199C49500978C70 /* Resources */,
				770F1EAC94F72C74797B53D8 /* [CP] Embed Pods Frameworks */,
			);
			buildRules = (
			);
			dependencies = (
			);
			name = "Map Photo Tracker";
			productName = "Map Photo Tracker";
			productReference = 23F48A842199C49500978C70 /* Map Photo Tracker.app */;
			productType = "com.apple.product-type.application";
		};
/* End PBXNativeTarget section */

/* Begin PBXProject section */
		23F48A7C2199C49400978C70 /* Project object */ = {
			isa = PBXProject;
			attributes = {
				LastSwiftUpdateCheck = 1010;
				LastUpgradeCheck = 1010;
				ORGANIZATIONNAME = "Milan Bojic";
				TargetAttributes = {
					23F48A832199C49500978C70 = {
						CreatedOnToolsVersion = 10.1;
					};
				};
			};
			buildConfigurationList = 23F48A7F2199C49400978C70 /* Build configuration list for PBXProject "Map Photo Tracker" */;
			compatibilityVersion = "Xcode 9.3";
			developmentRegion = en;
			hasScannedForEncodings = 0;
			knownRegions = (
				en,
				Base,
			);
			mainGroup = 23F48A7B2199C49400978C70;
			productRefGroup = 23F48A852199C49500978C70 /* Products */;
			projectDirPath = "";
			projectRoot = "";
			targets = (
				23F48A832199C49500978C70 /* Map Photo Tracker */,
			);
		};
/* End PBXProject section */

/* Begin PBXResourcesBuildPhase section */
		23F48A822199C49500978C70 /* Resources */ = {
			isa = PBXResourcesBuildPhase;
			buildActionMask = 2147483647;
			files = (
				23F48A922199C49600978C70 /* LaunchScreen.storyboard in Resources */,
				23F48A8F2199C49600978C70 /* Assets.xcassets in Resources */,
				23F48A8D2199C49500978C70 /* Main.storyboard in Resources */,
			);
			runOnlyForDeploymentPostprocessing = 0;
		};
/* End PBXResourcesBuildPhase section */

/* Begin PBXShellScriptBuildPhase section */
		6C2FE5DAEED36DAE068512A3 /* [CP] Check Pods Manifest.lock */ = {
			isa = PBXShellScriptBuildPhase;
			buildActionMask = 2147483647;
			files = (
			);
			inputPaths = (
				"${PODS_PODFILE_DIR_PATH}/Podfile.lock",
				"${PODS_ROOT}/Manifest.lock",
			);
			name = "[CP] Check Pods Manifest.lock";
			outputPaths = (
				"$(DERIVED_FILE_DIR)/Pods-Map Photo Tracker-checkManifestLockResult.txt",
			);
			runOnlyForDeploymentPostprocessing = 0;
			shellPath = /bin/sh;
			shellScript = "diff \"${PODS_PODFILE_DIR_PATH}/Podfile.lock\" \"${PODS_ROOT}/Manifest.lock\" > /dev/null\nif [ $? != 0 ] ; then\n    # print error to STDERR\n    echo \"error: The sandbox is not in sync with the Podfile.lock. Run 'pod install' or update your CocoaPods installation.\" >&2\n    exit 1\nfi\n# This output is used by Xcode 'outputs' to avoid re-running this script phase.\necho \"SUCCESS\" > \"${SCRIPT_OUTPUT_FILE_0}\"\n";
			showEnvVarsInLog = 0;
		};
		770F1EAC94F72C74797B53D8 /* [CP] Embed Pods Frameworks */ = {
			isa = PBXShellScriptBuildPhase;
			buildActionMask = 2147483647;
			files = (
			);
			inputPaths = (
				"${SRCROOT}/Pods/Target Support Files/Pods-Map Photo Tracker/Pods-Map Photo Tracker-frameworks.sh",
				"${BUILT_PRODUCTS_DIR}/Alamofire/Alamofire.framework",
				"${BUILT_PRODUCTS_DIR}/AlamofireImage/AlamofireImage.framework",
			);
			name = "[CP] Embed Pods Frameworks";
			outputPaths = (
				"${TARGET_BUILD_DIR}/${FRAMEWORKS_FOLDER_PATH}/Alamofire.framework",
				"${TARGET_BUILD_DIR}/${FRAMEWORKS_FOLDER_PATH}/AlamofireImage.framework",
			);
			runOnlyForDeploymentPostprocessing = 0;
			shellPath = /bin/sh;
			shellScript = "\"${SRCROOT}/Pods/Target Support Files/Pods-Map Photo Tracker/Pods-Map Photo Tracker-frameworks.sh\"\n";
			showEnvVarsInLog = 0;
		};
/* End PBXShellScriptBuildPhase section */

/* Begin PBXSourcesBuildPhase section */
		23F48A802199C49500978C70 /* Sources */ = {
			isa = PBXSourcesBuildPhase;
			buildActionMask = 2147483647;
			files = (
				23F48A8A2199C49500978C70 /* MapVC.swift in Sources */,
				23B4C031219B178400B02366 /* DroppablePin.swift in Sources */,
				23F48A882199C49500978C70 /* AppDelegate.swift in Sources */,
			);
			runOnlyForDeploymentPostprocessing = 0;
		};
/* End PBXSourcesBuildPhase section */

/* Begin PBXVariantGroup section */
		23F48A8B2199C49500978C70 /* Main.storyboard */ = {
			isa = PBXVariantGroup;
			children = (
				23F48A8C2199C49500978C70 /* Base */,
			);
			name = Main.storyboard;
			sourceTree = "<group>";
		};
		23F48A902199C49600978C70 /* LaunchScreen.storyboard */ = {
			isa = PBXVariantGroup;
			children = (
				23F48A912199C49600978C70 /* Base */,
			);
			name = LaunchScreen.storyboard;
			sourceTree = "<group>";
		};
/* End PBXVariantGroup section */

/* Begin XCBuildConfiguration section */
		23F48A942199C49600978C70 /* Debug */ = {
			isa = XCBuildConfiguration;
			buildSettings = {
				ALWAYS_SEARCH_USER_PATHS = NO;
				CLANG_ANALYZER_NONNULL = YES;
				CLANG_ANALYZER_NUMBER_OBJECT_CONVERSION = YES_AGGRESSIVE;
				CLANG_CXX_LANGUAGE_STANDARD = "gnu++14";
				CLANG_CXX_LIBRARY = "libc++";
				CLANG_ENABLE_MODULES = YES;
				CLANG_ENABLE_OBJC_ARC = YES;
				CLANG_ENABLE_OBJC_WEAK = YES;
				CLANG_WARN_BLOCK_CAPTURE_AUTORELEASING = YES;
				CLANG_WARN_BOOL_CONVERSION = YES;
				CLANG_WARN_COMMA = YES;
				CLANG_WARN_CONSTANT_CONVERSION = YES;
				CLANG_WARN_DEPRECATED_OBJC_IMPLEMENTATIONS = YES;
				CLANG_WARN_DIRECT_OBJC_ISA_USAGE = YES_ERROR;
				CLANG_WARN_DOCUMENTATION_COMMENTS = YES;
				CLANG_WARN_EMPTY_BODY = YES;
				CLANG_WARN_ENUM_CONVERSION = YES;
				CLANG_WARN_INFINITE_RECURSION = YES;
				CLANG_WARN_INT_CONVERSION = YES;
				CLANG_WARN_NON_LITERAL_NULL_CONVERSION = YES;
				CLANG_WARN_OBJC_IMPLICIT_RETAIN_SELF = YES;
				CLANG_WARN_OBJC_LITERAL_CONVERSION = YES;
				CLANG_WARN_OBJC_ROOT_CLASS = YES_ERROR;
				CLANG_WARN_RANGE_LOOP_ANALYSIS = YES;
				CLANG_WARN_STRICT_PROTOTYPES = YES;
				CLANG_WARN_SUSPICIOUS_MOVE = YES;
				CLANG_WARN_UNGUARDED_AVAILABILITY = YES_AGGRESSIVE;
				CLANG_WARN_UNREACHABLE_CODE = YES;
				CLANG_WARN__DUPLICATE_METHOD_MATCH = YES;
				CODE_SIGN_IDENTITY = "iPhone Developer";
				COPY_PHASE_STRIP = NO;
				DEBUG_INFORMATION_FORMAT = dwarf;
				ENABLE_STRICT_OBJC_MSGSEND = YES;
				ENABLE_TESTABILITY = YES;
				GCC_C_LANGUAGE_STANDARD = gnu11;
				GCC_DYNAMIC_NO_PIC = NO;
				GCC_NO_COMMON_BLOCKS = YES;
				GCC_OPTIMIZATION_LEVEL = 0;
				GCC_PREPROCESSOR_DEFINITIONS = (
					"DEBUG=1",
					"$(inherited)",
				);
				GCC_WARN_64_TO_32_BIT_CONVERSION = YES;
				GCC_WARN_ABOUT_RETURN_TYPE = YES_ERROR;
				GCC_WARN_UNDECLARED_SELECTOR = YES;
				GCC_WARN_UNINITIALIZED_AUTOS = YES_AGGRESSIVE;
				GCC_WARN_UNUSED_FUNCTION = YES;
				GCC_WARN_UNUSED_VARIABLE = YES;
				IPHONEOS_DEPLOYMENT_TARGET = 12.1;
				MTL_ENABLE_DEBUG_INFO = INCLUDE_SOURCE;
				MTL_FAST_MATH = YES;
				ONLY_ACTIVE_ARCH = YES;
				SDKROOT = iphoneos;
				SWIFT_ACTIVE_COMPILATION_CONDITIONS = DEBUG;
				SWIFT_OPTIMIZATION_LEVEL = "-Onone";
			};
			name = Debug;
		};
		23F48A952199C49600978C70 /* Release */ = {
			isa = XCBuildConfiguration;
			buildSettings = {
				ALWAYS_SEARCH_USER_PATHS = NO;
				CLANG_ANALYZER_NONNULL = YES;
				CLANG_ANALYZER_NUMBER_OBJECT_CONVERSION = YES_AGGRESSIVE;
				CLANG_CXX_LANGUAGE_STANDARD = "gnu++14";
				CLANG_CXX_LIBRARY = "libc++";
				CLANG_ENABLE_MODULES = YES;
				CLANG_ENABLE_OBJC_ARC = YES;
				CLANG_ENABLE_OBJC_WEAK = YES;
				CLANG_WARN_BLOCK_CAPTURE_AUTORELEASING = YES;
				CLANG_WARN_BOOL_CONVERSION = YES;
				CLANG_WARN_COMMA = YES;
				CLANG_WARN_CONSTANT_CONVERSION = YES;
				CLANG_WARN_DEPRECATED_OBJC_IMPLEMENTATIONS = YES;
				CLANG_WARN_DIRECT_OBJC_ISA_USAGE = YES_ERROR;
				CLANG_WARN_DOCUMENTATION_COMMENTS = YES;
				CLANG_WARN_EMPTY_BODY = YES;
				CLANG_WARN_ENUM_CONVERSION = YES;
				CLANG_WARN_INFINITE_RECURSION = YES;
				CLANG_WARN_INT_CONVERSION = YES;
				CLANG_WARN_NON_LITERAL_NULL_CONVERSION = YES;
				CLANG_WARN_OBJC_IMPLICIT_RETAIN_SELF = YES;
				CLANG_WARN_OBJC_LITERAL_CONVERSION = YES;
				CLANG_WARN_OBJC_ROOT_CLASS = YES_ERROR;
				CLANG_WARN_RANGE_LOOP_ANALYSIS = YES;
				CLANG_WARN_STRICT_PROTOTYPES = YES;
				CLANG_WARN_SUSPICIOUS_MOVE = YES;
				CLANG_WARN_UNGUARDED_AVAILABILITY = YES_AGGRESSIVE;
				CLANG_WARN_UNREACHABLE_CODE = YES;
				CLANG_WARN__DUPLICATE_METHOD_MATCH = YES;
				CODE_SIGN_IDENTITY = "iPhone Developer";
				COPY_PHASE_STRIP = NO;
				DEBUG_INFORMATION_FORMAT = "dwarf-with-dsym";
				ENABLE_NS_ASSERTIONS = NO;
				ENABLE_STRICT_OBJC_MSGSEND = YES;
				GCC_C_LANGUAGE_STANDARD = gnu11;
				GCC_NO_COMMON_BLOCKS = YES;
				GCC_WARN_64_TO_32_BIT_CONVERSION = YES;
				GCC_WARN_ABOUT_RETURN_TYPE = YES_ERROR;
				GCC_WARN_UNDECLARED_SELECTOR = YES;
				GCC_WARN_UNINITIALIZED_AUTOS = YES_AGGRESSIVE;
				GCC_WARN_UNUSED_FUNCTION = YES;
				GCC_WARN_UNUSED_VARIABLE = YES;
				IPHONEOS_DEPLOYMENT_TARGET = 12.1;
				MTL_ENABLE_DEBUG_INFO = NO;
				MTL_FAST_MATH = YES;
				SDKROOT = iphoneos;
				SWIFT_COMPILATION_MODE = wholemodule;
				SWIFT_OPTIMIZATION_LEVEL = "-O";
				VALIDATE_PRODUCT = YES;
			};
			name = Release;
		};
		23F48A972199C49600978C70 /* Debug */ = {
			isa = XCBuildConfiguration;
			baseConfigurationReference = ED3B9B8EFBA2EB88A472400F /* Pods-Map Photo Tracker.debug.xcconfig */;
			buildSettings = {
				ASSETCATALOG_COMPILER_APPICON_NAME = AppIcon;
				CODE_SIGN_STYLE = Automatic;
				DEVELOPMENT_TEAM = 4L5JV92JPX;
				INFOPLIST_FILE = "Map Photo Tracker/Info.plist";
				LD_RUNPATH_SEARCH_PATHS = (
					"$(inherited)",
					"@executable_path/Frameworks",
				);
				PRODUCT_BUNDLE_IDENTIFIER = "com.miledev.Map-Photo-Tracker";
				PRODUCT_NAME = "$(TARGET_NAME)";
				SWIFT_VERSION = 4.2;
				TARGETED_DEVICE_FAMILY = "1,2";
			};
			name = Debug;
		};
		23F48A982199C49600978C70 /* Release */ = {
			isa = XCBuildConfiguration;
			baseConfigurationReference = 92CD0B94AC1AEFFFC3DBEBD7 /* Pods-Map Photo Tracker.release.xcconfig */;
			buildSettings = {
				ASSETCATALOG_COMPILER_APPICON_NAME = AppIcon;
				CODE_SIGN_STYLE = Automatic;
				DEVELOPMENT_TEAM = 4L5JV92JPX;
				INFOPLIST_FILE = "Map Photo Tracker/Info.plist";
				LD_RUNPATH_SEARCH_PATHS = (
					"$(inherited)",
					"@executable_path/Frameworks",
				);
				PRODUCT_BUNDLE_IDENTIFIER = "com.miledev.Map-Photo-Tracker";
				PRODUCT_NAME = "$(TARGET_NAME)";
				SWIFT_VERSION = 4.2;
				TARGETED_DEVICE_FAMILY = "1,2";
			};
			name = Release;
		};
/* End XCBuildConfiguration section */

/* Begin XCConfigurationList section */
		23F48A7F2199C49400978C70 /* Build configuration list for PBXProject "Map Photo Tracker" */ = {
			isa = XCConfigurationList;
			buildConfigurations = (
				23F48A942199C49600978C70 /* Debug */,
				23F48A952199C49600978C70 /* Release */,
			);
			defaultConfigurationIsVisible = 0;
			defaultConfigurationName = Release;
		};
		23F48A962199C49600978C70 /* Build configuration list for PBXNativeTarget "Map Photo Tracker" */ = {
			isa = XCConfigurationList;
			buildConfigurations = (
				23F48A972199C49600978C70 /* Debug */,
				23F48A982199C49600978C70 /* Release */,
			);
			defaultConfigurationIsVisible = 0;
			defaultConfigurationName = Release;
		};
/* End XCConfigurationList section */
	};
	rootObject = 23F48A7C2199C49400978C70 /* Project object */;
}
